
Microsoft Visual Studio Solution File, Format Version 12.00
# Visual Studio 15
VisualStudioVersion = 15.0.28307.421
MinimumVisualStudioVersion = 10.0.40219.1
Project("{9A19103F-16F7-4668-BE54-9A1E7A4F7556}") = "AdminWebsite", "AdminWebsite\AdminWebsite.csproj", "{6E27B9E1-8568-4A61-A944-6A7A3EA2B117}"
EndProject
Project("{2150E333-8FDC-42A3-9474-1A3956D46DE8}") = "Tests", "Tests", "{B1E4EC16-6651-4638-A259-206EECE90BFE}"
EndProject
Project("{9A19103F-16F7-4668-BE54-9A1E7A4F7556}") = "Testing.Common", "Testing.Common\Testing.Common.csproj", "{2572186F-F723-47C7-B0BC-80EC53B851AD}"
EndProject
Project("{9A19103F-16F7-4668-BE54-9A1E7A4F7556}") = "AdminWebsite.UnitTests", "AdminWebsite.UnitTests\AdminWebsite.UnitTests.csproj", "{E0824E5E-991B-4D0F-864D-2777BBD92515}"
EndProject
Project("{9A19103F-16F7-4668-BE54-9A1E7A4F7556}") = "AdminWebsite.IntegrationTests", "AdminWebsite.IntegrationTests\AdminWebsite.IntegrationTests.csproj", "{BE8F819B-E6E1-4764-85DC-0A14773ECBE3}"
EndProject
Project("{FAE04EC0-301F-11D3-BF4B-00C04F79EFBC}") = "AdminWebsite.AcceptanceTests", "AdminWebsite.AcceptanceTests\AdminWebsite.AcceptanceTests.csproj", "{4D14899D-EFF3-4AF0-9814-4FAA686F325D}"
EndProject
Global
	GlobalSection(SolutionConfigurationPlatforms) = preSolution
		Debug|Any CPU = Debug|Any CPU
		Release|Any CPU = Release|Any CPU
	EndGlobalSection
	GlobalSection(ProjectConfigurationPlatforms) = postSolution
		{6E27B9E1-8568-4A61-A944-6A7A3EA2B117}.Debug|Any CPU.ActiveCfg = Debug|Any CPU
		{6E27B9E1-8568-4A61-A944-6A7A3EA2B117}.Debug|Any CPU.Build.0 = Debug|Any CPU
		{6E27B9E1-8568-4A61-A944-6A7A3EA2B117}.Release|Any CPU.ActiveCfg = Release|Any CPU
		{6E27B9E1-8568-4A61-A944-6A7A3EA2B117}.Release|Any CPU.Build.0 = Release|Any CPU
		{2572186F-F723-47C7-B0BC-80EC53B851AD}.Debug|Any CPU.ActiveCfg = Debug|Any CPU
		{2572186F-F723-47C7-B0BC-80EC53B851AD}.Debug|Any CPU.Build.0 = Debug|Any CPU
		{2572186F-F723-47C7-B0BC-80EC53B851AD}.Release|Any CPU.ActiveCfg = Release|Any CPU
		{2572186F-F723-47C7-B0BC-80EC53B851AD}.Release|Any CPU.Build.0 = Release|Any CPU
		{E0824E5E-991B-4D0F-864D-2777BBD92515}.Debug|Any CPU.ActiveCfg = Debug|Any CPU
		{E0824E5E-991B-4D0F-864D-2777BBD92515}.Debug|Any CPU.Build.0 = Debug|Any CPU
		{E0824E5E-991B-4D0F-864D-2777BBD92515}.Release|Any CPU.ActiveCfg = Release|Any CPU
		{E0824E5E-991B-4D0F-864D-2777BBD92515}.Release|Any CPU.Build.0 = Release|Any CPU
		{BE8F819B-E6E1-4764-85DC-0A14773ECBE3}.Debug|Any CPU.ActiveCfg = Debug|Any CPU
		{BE8F819B-E6E1-4764-85DC-0A14773ECBE3}.Debug|Any CPU.Build.0 = Debug|Any CPU
		{BE8F819B-E6E1-4764-85DC-0A14773ECBE3}.Release|Any CPU.ActiveCfg = Release|Any CPU
		{BE8F819B-E6E1-4764-85DC-0A14773ECBE3}.Release|Any CPU.Build.0 = Release|Any CPU
		{4D14899D-EFF3-4AF0-9814-4FAA686F325D}.Debug|Any CPU.ActiveCfg = Debug|Any CPU
		{4D14899D-EFF3-4AF0-9814-4FAA686F325D}.Debug|Any CPU.Build.0 = Debug|Any CPU
		{4D14899D-EFF3-4AF0-9814-4FAA686F325D}.Release|Any CPU.ActiveCfg = Release|Any CPU
		{4D14899D-EFF3-4AF0-9814-4FAA686F325D}.Release|Any CPU.Build.0 = Release|Any CPU
	EndGlobalSection
	GlobalSection(SolutionProperties) = preSolution
		HideSolutionNode = FALSE
	EndGlobalSection
	GlobalSection(NestedProjects) = preSolution
		{2572186F-F723-47C7-B0BC-80EC53B851AD} = {B1E4EC16-6651-4638-A259-206EECE90BFE}
		{E0824E5E-991B-4D0F-864D-2777BBD92515} = {B1E4EC16-6651-4638-A259-206EECE90BFE}
		{BE8F819B-E6E1-4764-85DC-0A14773ECBE3} = {B1E4EC16-6651-4638-A259-206EECE90BFE}
		{4D14899D-EFF3-4AF0-9814-4FAA686F325D} = {B1E4EC16-6651-4638-A259-206EECE90BFE}
	EndGlobalSection
	GlobalSection(ExtensibilityGlobals) = postSolution
		SolutionGuid = {8DFE452A-DB6C-4F8B-A87E-CF5B7D4BE125}
	EndGlobalSection
EndGlobal
