
Microsoft Visual Studio Solution File, Format Version 12.00
# Visual Studio Version 16
VisualStudioVersion = 16.0.29519.87
MinimumVisualStudioVersion = 10.0.40219.1
Project("{9A19103F-16F7-4668-BE54-9A1E7A4F7556}") = "AdminWebsite", "AdminWebsite\AdminWebsite.csproj", "{4ACDEFE1-58CD-4E6B-A11D-FD219633B38E}"
EndProject
Project("{2150E333-8FDC-42A3-9474-1A3956D46DE8}") = "Tests", "Tests", "{B1E4EC16-6651-4638-A259-206EECE90BFE}"
EndProject
Project("{9A19103F-16F7-4668-BE54-9A1E7A4F7556}") = "AdminWebsite.UnitTests", "AdminWebsite.UnitTests\AdminWebsite.UnitTests.csproj", "{938CA652-20EC-413A-8D82-7318DBAAB771}"
EndProject
Project("{9A19103F-16F7-4668-BE54-9A1E7A4F7556}") = "AdminWebsite.IntegrationTests", "AdminWebsite.IntegrationTests\AdminWebsite.IntegrationTests.csproj", "{F1B76C25-C9A2-4A2E-B946-514C44ECF4CD}"
EndProject
Project("{2150E333-8FDC-42A3-9474-1A3956D46DE8}") = "Solution", "Solution", "{36646BC3-5BD3-4860-841D-01E07EDCF7CF}"
	ProjectSection(SolutionItems) = preProject
		..\azure-pipelines.yml = ..\azure-pipelines.yml
		..\CODEOWNERS = ..\CODEOWNERS
		..\LICENSE = ..\LICENSE
		..\README.md = ..\README.md
	EndProjectSection
EndProject
Project("{9A19103F-16F7-4668-BE54-9A1E7A4F7556}") = "AdminWebsite.AcceptanceTests", "AdminWebsite.AcceptanceTests\AdminWebsite.AcceptanceTests.csproj", "{B0F83938-CBCF-4059-9B42-8961B4D075A1}"
EndProject
Project("{9A19103F-16F7-4668-BE54-9A1E7A4F7556}") = "AdminWebsite.Testing.Common", "AdminWebsite.Testing.Common\AdminWebsite.Testing.Common.csproj", "{44DA56ED-92B9-4A84-8B13-7B8B66A7717E}"
EndProject
Global
	GlobalSection(SolutionConfigurationPlatforms) = preSolution
		Debug|Any CPU = Debug|Any CPU
		Release|Any CPU = Release|Any CPU
	EndGlobalSection
	GlobalSection(ProjectConfigurationPlatforms) = postSolution
		{4ACDEFE1-58CD-4E6B-A11D-FD219633B38E}.Debug|Any CPU.ActiveCfg = Debug|Any CPU
		{4ACDEFE1-58CD-4E6B-A11D-FD219633B38E}.Debug|Any CPU.Build.0 = Debug|Any CPU
		{4ACDEFE1-58CD-4E6B-A11D-FD219633B38E}.Release|Any CPU.ActiveCfg = Release|Any CPU
		{4ACDEFE1-58CD-4E6B-A11D-FD219633B38E}.Release|Any CPU.Build.0 = Release|Any CPU
		{938CA652-20EC-413A-8D82-7318DBAAB771}.Debug|Any CPU.ActiveCfg = Debug|Any CPU
		{938CA652-20EC-413A-8D82-7318DBAAB771}.Debug|Any CPU.Build.0 = Debug|Any CPU
		{938CA652-20EC-413A-8D82-7318DBAAB771}.Release|Any CPU.ActiveCfg = Release|Any CPU
		{938CA652-20EC-413A-8D82-7318DBAAB771}.Release|Any CPU.Build.0 = Release|Any CPU
		{F1B76C25-C9A2-4A2E-B946-514C44ECF4CD}.Debug|Any CPU.ActiveCfg = Debug|Any CPU
		{F1B76C25-C9A2-4A2E-B946-514C44ECF4CD}.Debug|Any CPU.Build.0 = Debug|Any CPU
		{F1B76C25-C9A2-4A2E-B946-514C44ECF4CD}.Release|Any CPU.ActiveCfg = Release|Any CPU
		{F1B76C25-C9A2-4A2E-B946-514C44ECF4CD}.Release|Any CPU.Build.0 = Release|Any CPU
		{B0F83938-CBCF-4059-9B42-8961B4D075A1}.Debug|Any CPU.ActiveCfg = Debug|Any CPU
		{B0F83938-CBCF-4059-9B42-8961B4D075A1}.Debug|Any CPU.Build.0 = Debug|Any CPU
		{B0F83938-CBCF-4059-9B42-8961B4D075A1}.Release|Any CPU.ActiveCfg = Release|Any CPU
		{B0F83938-CBCF-4059-9B42-8961B4D075A1}.Release|Any CPU.Build.0 = Release|Any CPU
		{44DA56ED-92B9-4A84-8B13-7B8B66A7717E}.Debug|Any CPU.ActiveCfg = Debug|Any CPU
		{44DA56ED-92B9-4A84-8B13-7B8B66A7717E}.Debug|Any CPU.Build.0 = Debug|Any CPU
		{44DA56ED-92B9-4A84-8B13-7B8B66A7717E}.Release|Any CPU.ActiveCfg = Release|Any CPU
		{44DA56ED-92B9-4A84-8B13-7B8B66A7717E}.Release|Any CPU.Build.0 = Release|Any CPU
	EndGlobalSection
	GlobalSection(SolutionProperties) = preSolution
		HideSolutionNode = FALSE
	EndGlobalSection
	GlobalSection(NestedProjects) = preSolution
		{938CA652-20EC-413A-8D82-7318DBAAB771} = {B1E4EC16-6651-4638-A259-206EECE90BFE}
		{F1B76C25-C9A2-4A2E-B946-514C44ECF4CD} = {B1E4EC16-6651-4638-A259-206EECE90BFE}
		{B0F83938-CBCF-4059-9B42-8961B4D075A1} = {B1E4EC16-6651-4638-A259-206EECE90BFE}
		{44DA56ED-92B9-4A84-8B13-7B8B66A7717E} = {B1E4EC16-6651-4638-A259-206EECE90BFE}
	EndGlobalSection
	GlobalSection(ExtensibilityGlobals) = postSolution
		SolutionGuid = {8DFE452A-DB6C-4F8B-A87E-CF5B7D4BE125}
	EndGlobalSection
EndGlobal
