{
  "version": 1,
  "dependencies": {
    "net8.0": {
      "coverlet.msbuild": {
        "type": "Direct",
        "requested": "[6.0.4, )",
        "resolved": "6.0.4",
        "contentHash": "Qa7Hg+wrOMDKpXVn2dw4Wlun490bIWsFW0fdNJQFJLZnbU27MCP0HJ2mPgS+3EQBQUb0zKlkwiQzP+j38Hc3Iw=="
      },
      "FluentAssertions": {
        "type": "Direct",
        "requested": "[6.12.0, )",
        "resolved": "6.12.0",
        "contentHash": "ZXhHT2YwP9lajrwSKbLlFqsmCCvFJMoRSK9t7sImfnCyd0OB3MhgxdoMcVqxbq1iyxD6mD2fiackWmBb7ayiXQ==",
        "dependencies": {
          "System.Configuration.ConfigurationManager": "4.4.0"
        }
      },
      "Microsoft.AspNetCore.Mvc.Testing": {
        "type": "Direct",
        "requested": "[8.0.4, )",
        "resolved": "8.0.4",
        "contentHash": "e6IVsUq7zmAO/T4GGd00j1yxh6PBHF1PlQLaiFV/nM1jePH7Rbu+zVoXCRUDC2KOlHnPCym+eqFFlZkNNO2CvQ==",
        "dependencies": {
          "Microsoft.AspNetCore.TestHost": "8.0.4",
          "Microsoft.Extensions.DependencyModel": "8.0.0",
          "Microsoft.Extensions.Hosting": "8.0.0"
        }
      },
      "Microsoft.Extensions.Configuration.Json": {
        "type": "Direct",
        "requested": "[8.0.0, )",
        "resolved": "8.0.0",
        "contentHash": "C2wqUoh9OmRL1akaCcKSTmRU8z0kckfImG7zLNI8uyi47Lp+zd5LWAD17waPQEqCz3ioWOCrFUo+JJuoeZLOBw==",
        "dependencies": {
          "Microsoft.Extensions.Configuration": "8.0.0",
          "Microsoft.Extensions.Configuration.Abstractions": "8.0.0",
          "Microsoft.Extensions.Configuration.FileExtensions": "8.0.0",
          "Microsoft.Extensions.FileProviders.Abstractions": "8.0.0",
          "System.Text.Json": "8.0.0"
        }
      },
      "Microsoft.NET.Test.Sdk": {
        "type": "Direct",
        "requested": "[17.9.0, )",
        "resolved": "17.9.0",
        "contentHash": "7GUNAUbJYn644jzwLm5BD3a2p9C1dmP8Hr6fDPDxgItQk9hBs1Svdxzz07KQ/UphMSmgza9AbijBJGmw5D658A==",
        "dependencies": {
          "Microsoft.CodeCoverage": "17.9.0",
          "Microsoft.TestPlatform.TestHost": "17.9.0"
        }
      },
      "Moq": {
        "type": "Direct",
        "requested": "[4.20.70, )",
        "resolved": "4.20.70",
        "contentHash": "4rNnAwdpXJBuxqrOCzCyICXHSImOTRktCgCWXWykuF1qwoIsVvEnR7PjbMk/eLOxWvhmj5Kwt+kDV3RGUYcNwg==",
        "dependencies": {
          "Castle.Core": "5.1.1"
        }
      },
      "NUnit": {
        "type": "Direct",
        "requested": "[4.1.0, )",
        "resolved": "4.1.0",
        "contentHash": "MT/DpAhjtiytzhTgTqIhBuWx4y26PKfDepYUHUM+5uv4TsryHC2jwFo5e6NhWkApCm/G6kZ80dRjdJFuAxq3rg=="
      },
      "NUnit3TestAdapter": {
        "type": "Direct",
        "requested": "[4.5.0, )",
        "resolved": "4.5.0",
        "contentHash": "s8JpqTe9bI2f49Pfr3dFRfoVSuFQyraTj68c3XXjIS/MRGvvkLnrg6RLqnTjdShX+AdFUCCU/4Xex58AdUfs6A=="
      },
      "SonarAnalyzer.CSharp": {
        "type": "Direct",
        "requested": "[9.32.0.97167, )",
        "resolved": "9.32.0.97167",
        "contentHash": "Yxk86RV+8ynJpUhku1Yw2hITFmnmXKkXJ73cIFSy85ol5SnWREQg9RuTyV8nI7V7+pyLKpCfRmD7P0widsgjkg=="
      },
      "AspNetCore.HealthChecks.Uris": {
        "type": "Transitive",
        "resolved": "8.0.1",
        "contentHash": "A1ahRx4pdXjrSGlGFLoyoXOV4Lfp5sfs+OIGfvi14RwecIAac4xs6cP0Q8tw/rv4Ng+KAaYpzD4qhxXVwUcIyA==",
        "dependencies": {
          "Microsoft.Extensions.Diagnostics.HealthChecks": "8.0.0",
          "Microsoft.Extensions.Http": "8.0.0"
        }
      },
      "Azure.Core": {
        "type": "Transitive",
        "resolved": "1.44.1",
        "contentHash": "YyznXLQZCregzHvioip07/BkzjuWNXogJEVz9T5W6TwjNr17ax41YGzYMptlo2G10oLCuVPoyva62y0SIRDixg==",
        "dependencies": {
          "Microsoft.Bcl.AsyncInterfaces": "6.0.0",
          "System.ClientModel": "1.1.0",
          "System.Diagnostics.DiagnosticSource": "6.0.1",
          "System.Memory.Data": "6.0.0",
          "System.Numerics.Vectors": "4.5.0",
          "System.Text.Encodings.Web": "6.0.0",
          "System.Text.Json": "6.0.10",
          "System.Threading.Tasks.Extensions": "4.5.4"
        }
      },
      "Azure.Monitor.OpenTelemetry.AspNetCore": {
        "type": "Transitive",
        "resolved": "1.3.0-beta.2",
        "contentHash": "B/sGnYGIsWFIn43sIiU43j+SK0LTaBfRg5wT6osBgt9iIYqZYD4XvYWls4JutIDaFsiY4aov1A+HqcghHDTymw==",
        "dependencies": {
          "Azure.Core": "1.44.1",
          "Azure.Monitor.OpenTelemetry.Exporter": "1.4.0-beta.2",
          "OpenTelemetry.Extensions.Hosting": "1.9.0",
          "OpenTelemetry.Instrumentation.AspNetCore": "1.9.0",
          "OpenTelemetry.Instrumentation.Http": "1.9.0"
        }
      },
      "Azure.Monitor.OpenTelemetry.Exporter": {
        "type": "Transitive",
        "resolved": "1.4.0-beta.2",
        "contentHash": "rgj0U3+gP5VuQ1OFKPNa9ZVG7Mu7fUOpRHW1lC3dA3XYmZH+LblFR2pskqFVFqiIk2zYW3GE/If+8lvhniu5Dg==",
        "dependencies": {
          "Azure.Core": "1.44.1",
          "OpenTelemetry": "1.9.0",
          "OpenTelemetry.PersistentStorage.FileSystem": "1.0.0"
        }
      },
      "BookingsApi.Client": {
        "type": "Transitive",
        "resolved": "3.2.12",
        "contentHash": "/1hf/kgG1Qx31v0acHUFbgFiY14IreDbpTBDalBTycot/6+oquapEkwcI+NAxs/WyMAuIiim5UmS+Kfhj5yYdw==",
        "dependencies": {
          "BookingsApi.Common": "3.2.12",
          "System.Text.Json": "8.0.5"
        }
      },
      "BookingsApi.Common": {
        "type": "Transitive",
        "resolved": "3.2.12",
        "contentHash": "DvCfT3IyyXw0YBvIUPofBf86cP5RNJ3d7FRL9Qrk/uebNNsiBdkTKAdqnZBbRtYTBUj7OScyefPSX/s0AV64zA==",
        "dependencies": {
          "LaunchDarkly.ServerSdk": "8.4.0",
          "Microsoft.Extensions.Caching.Abstractions": "8.0.0",
          "Microsoft.Extensions.Configuration.UserSecrets": "8.0.0",
          "Microsoft.Extensions.Logging": "8.0.1",
          "Microsoft.Identity.Client": "4.60.4",
          "Newtonsoft.Json": "13.0.3"
        }
      },
      "Castle.Core": {
        "type": "Transitive",
        "resolved": "5.1.1",
        "contentHash": "rpYtIczkzGpf+EkZgDr9CClTdemhsrwA/W5hMoPjLkRFnXzH44zDLoovXeKtmxb1ykXK9aJVODSpiJml8CTw2g==",
        "dependencies": {
          "System.Diagnostics.EventLog": "6.0.0"
        }
      },
      "FluentValidation": {
        "type": "Transitive",
        "resolved": "11.5.1",
        "contentHash": "0h1Q5lNOLLyYTWMJmyNoMqhY4CBRvvUWvJP1R4F2CnmmzuWwvB0A8aVmw5+lOuwYnwUwCRrdeMLbc81F38ahNQ=="
      },
      "FluentValidation.AspNetCore": {
        "type": "Transitive",
        "resolved": "11.3.0",
        "contentHash": "jtFVgKnDFySyBlPS8bZbTKEEwJZnn11rXXJ2SQnjDhZ56rQqybBg9Joq4crRLz3y0QR8WoOq4iE4piV81w/Djg==",
        "dependencies": {
          "FluentValidation": "11.5.1",
          "FluentValidation.DependencyInjectionExtensions": "11.5.1"
        }
      },
      "FluentValidation.DependencyInjectionExtensions": {
        "type": "Transitive",
        "resolved": "11.5.1",
        "contentHash": "iWM0LS1MDYX06pcjMEQKqHirl2zkjHlNV23mEJSoR1IZI7KQmTa0RcTtGEJpj5+iHvBCfrzP2mYKM4FtRKVb+A==",
        "dependencies": {
          "FluentValidation": "11.5.1",
          "Microsoft.Extensions.Dependencyinjection.Abstractions": "2.1.0"
        }
      },
      "LaunchDarkly.Cache": {
        "type": "Transitive",
        "resolved": "1.0.2",
        "contentHash": "0bEnUVFVeW1TTDXb/bW6kS3FLQTLeGtw7Xh8yt6WNO56utVmtgcrMLvcnF6yeTn+N4FXrKfW09KkLNmK8YYQvw=="
      },
      "LaunchDarkly.CommonSdk": {
        "type": "Transitive",
        "resolved": "7.0.0",
        "contentHash": "ClMmkVmge8oGABr4ZTfhrmioyy6+EVkp03OVrwYTiizdbtTw6NCFT1A85zI+7EejJ8qcauXUw4+OD4sodaa5Mg==",
        "dependencies": {
          "LaunchDarkly.Logging": "2.0.0",
          "System.Collections.Immutable": "1.7.1"
        }
      },
      "LaunchDarkly.EventSource": {
        "type": "Transitive",
        "resolved": "5.1.0",
        "contentHash": "PztDWiMvPWODx+kfBnCroZ8Lpya4nPc7ZO4TZysOogODbVXDDPDYrdcgVivCMgf4davhGrp61ekvZc+Uy1NYMA==",
        "dependencies": {
          "LaunchDarkly.Logging": "[2.0.0, 3.0.0)"
        }
      },
      "LaunchDarkly.InternalSdk": {
        "type": "Transitive",
        "resolved": "3.4.0",
        "contentHash": "fYmAb0D6pLOvVcfgdq0WQIvScKXH8nZndrvCSINtJEhn5XjWqi5K/0u67nWpByDTnTxW/cAc4j0+hnIJoAkrxg==",
        "dependencies": {
          "LaunchDarkly.CommonSdk": "7.0.0",
          "LaunchDarkly.Logging": "[2.0.0, 3.0.0)",
          "System.Collections.Immutable": "1.7.1"
        }
      },
      "LaunchDarkly.Logging": {
        "type": "Transitive",
        "resolved": "2.0.0",
        "contentHash": "lsLKNqAZ7HIlkdTIrf4FetfRA1SUDE3WlaZQn79aSVkLjYWEhUhkDDK7hORGh4JoA3V2gXN+cIvJQax2uR/ijA==",
        "dependencies": {
          "Microsoft.Extensions.Logging.Abstractions": "6.0.0"
        }
      },
      "LaunchDarkly.ServerSdk": {
        "type": "Transitive",
        "resolved": "8.5.0",
        "contentHash": "8DqrDdJ/Rz29lI4p4530pCI/6BcLpeDNSdjBd6Qa59qm1vswQs4ZV0Z/TfCbFPvJPCvAGxOobXMRBDZMlJrZ6Q==",
        "dependencies": {
          "LaunchDarkly.Cache": "1.0.2",
          "LaunchDarkly.CommonSdk": "7.0.0",
          "LaunchDarkly.EventSource": "5.1.0",
          "LaunchDarkly.InternalSdk": "3.4.0",
          "LaunchDarkly.Logging": "2.0.0",
          "System.Collections.Immutable": "1.7.1"
        }
      },
      "MicroElements.OpenApi.FluentValidation": {
        "type": "Transitive",
        "resolved": "6.0.0",
        "contentHash": "6XD28ux6GP7C+rspfKhV7aG4ZMeA138uXszbk+EnzXHMv2Gj3fxsU/gKvHlyixT+GBAErbzZO4bbjMi3XXo/Ww==",
        "dependencies": {
          "FluentValidation": "[10.0.0, 12.0.0)",
          "Microsoft.AspNetCore.Http.Abstractions": "2.1.0",
          "Microsoft.Extensions.Logging.Abstractions": "6.0.0",
          "Microsoft.Extensions.Options": "6.0.0"
        }
      },
      "MicroElements.Swashbuckle.FluentValidation": {
        "type": "Transitive",
        "resolved": "6.0.0",
        "contentHash": "uCQMS4ww1yjf6KThudk6ncErudMPqxHMeK8oIYSfGxhumedm7uu0fUjtvA+TnBeZ/HXvmcR7rrc5sI487U9oBA==",
        "dependencies": {
          "FluentValidation": "[10.0.0, 12.0.0)",
          "MicroElements.OpenApi.FluentValidation": "6.0.0",
          "Swashbuckle.AspNetCore.SwaggerGen": "[6.3.0, 7.0.0)"
        }
      },
      "Microsoft.AspNetCore.Authentication.JwtBearer": {
        "type": "Transitive",
        "resolved": "8.0.4",
        "contentHash": "tHnHRBgQyiVNZJ8PksNinLdGOsE8+tFFv3E9QEtmwO+iyTHRvg4bJ4X0XZG1u9KxXMTJuAdeIWKWYr2rTLEHqQ==",
        "dependencies": {
          "Microsoft.IdentityModel.Protocols.OpenIdConnect": "7.1.2"
        }
      },
      "Microsoft.AspNetCore.Http.Abstractions": {
        "type": "Transitive",
        "resolved": "2.1.0",
        "contentHash": "vbFDyKsSYBnxl3+RABtN79b0vsTcG66fDY8vD6Nqvu9uLtSej70Q5NcbGlnN6bJpZci5orSdgFTHMhBywivDPg==",
        "dependencies": {
          "Microsoft.AspNetCore.Http.Features": "2.1.0",
          "System.Text.Encodings.Web": "4.5.0"
        }
      },
      "Microsoft.AspNetCore.Http.Features": {
        "type": "Transitive",
        "resolved": "2.1.0",
        "contentHash": "UmkUePxRjsQW0j5euFFscBwjvTu25b8+qIK/2fI3GvcqQ+mkwgbWNAT8b/Gkoei1m2bTWC07lSdutuRDPPLcJA==",
        "dependencies": {
          "Microsoft.Extensions.Primitives": "2.1.0"
        }
      },
      "Microsoft.AspNetCore.JsonPatch": {
        "type": "Transitive",
        "resolved": "8.0.4",
        "contentHash": "8iy7uza6GTuE5GadOryGfsGuA8xP1RTs16zqdXF5gM0b8iDfyNWnyDmatY5cZhXE1kJiko0S7s1T/gNFdIZ7Zg==",
        "dependencies": {
          "Microsoft.CSharp": "4.7.0",
          "Newtonsoft.Json": "13.0.3"
        }
      },
      "Microsoft.AspNetCore.Mvc.NewtonsoftJson": {
        "type": "Transitive",
        "resolved": "8.0.4",
        "contentHash": "lhJq0JjrlGZQwQoYrpVbokhb1AlgLGxI3QacSyKgCNOXTNwCi0pUnMR7NrfON20DkL90Kqqyl3wDrLbRaRgcsA==",
        "dependencies": {
          "Microsoft.AspNetCore.JsonPatch": "8.0.4",
          "Newtonsoft.Json": "13.0.3",
          "Newtonsoft.Json.Bson": "1.0.2"
        }
      },
      "Microsoft.AspNetCore.NodeServices": {
        "type": "Transitive",
        "resolved": "3.1.32",
        "contentHash": "WGtOOAaW7AWaYXkR/TqBI5hDd2S17iImWKxraC9q9v6MpxUvqUyvlaF+IVJp+rU4Mxy7IzrhxrtU1YfUDLSXIA==",
        "dependencies": {
          "Microsoft.Extensions.Logging.Console": "3.1.32",
          "Newtonsoft.Json": "13.0.1"
        }
      },
      "Microsoft.AspNetCore.SpaServices": {
        "type": "Transitive",
        "resolved": "3.1.32",
        "contentHash": "nwAR3Q+fp2ywsNC7AMcyxica33TOixpL4Qv7qobjgs5VhqhgC+D1KlfUQIkqPYP2e7tOoxI7MnmCuZXHlzjOHA==",
        "dependencies": {
          "Microsoft.AspNetCore.NodeServices": "3.1.32"
        }
      },
      "Microsoft.AspNetCore.SpaServices.Extensions": {
        "type": "Transitive",
        "resolved": "8.0.4",
        "contentHash": "4jtskbAl52yDNlMWAZPwa4cq2ekqqTNqGtFyPq2BUU4ma70YM0hNV/2G5Ymqp8ZRRF8QD06hwbhT4lhMpMB3rA==",
        "dependencies": {
          "Microsoft.Extensions.FileProviders.Physical": "8.0.0"
        }
      },
      "Microsoft.AspNetCore.TestHost": {
        "type": "Transitive",
        "resolved": "8.0.4",
        "contentHash": "NQ5kHSo0aazGFbZ/3J2Fr/uKtOd43H3vJLoXoMY9GXUQppbfXco3zrYF9uBB7zkLsuFh9McBln1izgycYGscUA==",
        "dependencies": {
          "System.IO.Pipelines": "8.0.0"
        }
      },
      "Microsoft.Bcl.AsyncInterfaces": {
        "type": "Transitive",
        "resolved": "6.0.0",
        "contentHash": "UcSjPsst+DfAdJGVDsu346FX0ci0ah+lw3WRtn18NUwEqRt70HaOQ7lI72vy3+1LxtqI3T5GWwV39rQSrCzAeg=="
      },
      "Microsoft.CodeCoverage": {
        "type": "Transitive",
        "resolved": "17.9.0",
        "contentHash": "RGD37ZSrratfScYXm7M0HjvxMxZyWZL4jm+XgMZbkIY1UPgjUpbNA/t+WTGj/rC/0Hm9A3IrH3ywbKZkOCnoZA=="
      },
      "Microsoft.CSharp": {
        "type": "Transitive",
        "resolved": "4.7.0",
        "contentHash": "pTj+D3uJWyN3My70i2Hqo+OXixq3Os2D1nJ2x92FFo6sk8fYS1m1WLNTs0Dc1uPaViH0YvEEwvzddQ7y4rhXmA=="
      },
      "Microsoft.Extensions.ApiDescription.Server": {
        "type": "Transitive",
        "resolved": "6.0.5",
        "contentHash": "Ckb5EDBUNJdFWyajfXzUIMRkhf52fHZOQuuZg/oiu8y7zDCVwD0iHhew6MnThjHmevanpxL3f5ci2TtHQEN6bw=="
      },
      "Microsoft.Extensions.Caching.Abstractions": {
        "type": "Transitive",
        "resolved": "8.0.0",
        "contentHash": "3KuSxeHoNYdxVYfg2IRZCThcrlJ1XJqIXkAWikCsbm5C/bCjv7G0WoKDyuR98Q+T607QT2Zl5GsbGRkENcV2yQ==",
        "dependencies": {
          "Microsoft.Extensions.Primitives": "8.0.0"
        }
      },
      "Microsoft.Extensions.Configuration": {
        "type": "Transitive",
        "resolved": "8.0.0",
        "contentHash": "0J/9YNXTMWSZP2p2+nvl8p71zpSwokZXZuJW+VjdErkegAnFdO1XlqtA62SJtgVYHdKu3uPxJHcMR/r35HwFBA==",
        "dependencies": {
          "Microsoft.Extensions.Configuration.Abstractions": "8.0.0",
          "Microsoft.Extensions.Primitives": "8.0.0"
        }
      },
      "Microsoft.Extensions.Configuration.Abstractions": {
        "type": "Transitive",
        "resolved": "8.0.0",
        "contentHash": "3lE/iLSutpgX1CC0NOW70FJoGARRHbyKmG7dc0klnUZ9Dd9hS6N/POPWhKhMLCEuNN5nXEY5agmlFtH562vqhQ==",
        "dependencies": {
          "Microsoft.Extensions.Primitives": "8.0.0"
        }
      },
      "Microsoft.Extensions.Configuration.Binder": {
        "type": "Transitive",
        "resolved": "8.0.0",
        "contentHash": "mBMoXLsr5s1y2zOHWmKsE9veDcx8h1x/c3rz4baEdQKTeDcmQAPNbB54Pi/lhFO3K431eEq6PFbMgLaa6PHFfA==",
        "dependencies": {
          "Microsoft.Extensions.Configuration.Abstractions": "8.0.0"
        }
      },
      "Microsoft.Extensions.Configuration.CommandLine": {
        "type": "Transitive",
        "resolved": "8.0.0",
        "contentHash": "NZuZMz3Q8Z780nKX3ifV1fE7lS+6pynDHK71OfU4OZ1ItgvDOhyOC7E6z+JMZrAj63zRpwbdldYFk499t3+1dQ==",
        "dependencies": {
          "Microsoft.Extensions.Configuration": "8.0.0",
          "Microsoft.Extensions.Configuration.Abstractions": "8.0.0"
        }
      },
      "Microsoft.Extensions.Configuration.EnvironmentVariables": {
        "type": "Transitive",
        "resolved": "8.0.0",
        "contentHash": "plvZ0ZIpq+97gdPNNvhwvrEZ92kNml9hd1pe3idMA7svR0PztdzVLkoWLcRFgySYXUJc3kSM3Xw3mNFMo/bxRA==",
        "dependencies": {
          "Microsoft.Extensions.Configuration": "8.0.0",
          "Microsoft.Extensions.Configuration.Abstractions": "8.0.0"
        }
      },
      "Microsoft.Extensions.Configuration.FileExtensions": {
        "type": "Transitive",
        "resolved": "8.0.0",
        "contentHash": "McP+Lz/EKwvtCv48z0YImw+L1gi1gy5rHhNaNIY2CrjloV+XY8gydT8DjMR6zWeL13AFK+DioVpppwAuO1Gi1w==",
        "dependencies": {
          "Microsoft.Extensions.Configuration": "8.0.0",
          "Microsoft.Extensions.Configuration.Abstractions": "8.0.0",
          "Microsoft.Extensions.FileProviders.Abstractions": "8.0.0",
          "Microsoft.Extensions.FileProviders.Physical": "8.0.0",
          "Microsoft.Extensions.Primitives": "8.0.0"
        }
      },
      "Microsoft.Extensions.Configuration.UserSecrets": {
        "type": "Transitive",
        "resolved": "8.0.0",
        "contentHash": "ihDHu2dJYQird9pl2CbdwuNDfvCZdOS0S7SPlNfhPt0B81UTT+yyZKz2pimFZGUp3AfuBRnqUCxB2SjsZKHVUw==",
        "dependencies": {
          "Microsoft.Extensions.Configuration.Abstractions": "8.0.0",
          "Microsoft.Extensions.Configuration.Json": "8.0.0",
          "Microsoft.Extensions.FileProviders.Abstractions": "8.0.0",
          "Microsoft.Extensions.FileProviders.Physical": "8.0.0"
        }
      },
      "Microsoft.Extensions.DependencyInjection": {
        "type": "Transitive",
        "resolved": "8.0.1",
        "contentHash": "BmANAnR5Xd4Oqw7yQ75xOAYODybZQRzdeNucg7kS5wWKd2PNnMdYtJ2Vciy0QLylRmv42DGl5+AFL9izA6F1Rw==",
        "dependencies": {
          "Microsoft.Extensions.DependencyInjection.Abstractions": "8.0.2"
        }
      },
      "Microsoft.Extensions.DependencyInjection.Abstractions": {
        "type": "Transitive",
        "resolved": "8.0.2",
        "contentHash": "3iE7UF7MQkCv1cxzCahz+Y/guQbTqieyxyaWKhrRO91itI9cOKO76OHeQDahqG4MmW5umr3CcCvGmK92lWNlbg=="
      },
      "Microsoft.Extensions.DependencyModel": {
        "type": "Transitive",
        "resolved": "8.0.0",
        "contentHash": "NSmDw3K0ozNDgShSIpsZcbFIzBX4w28nDag+TfaQujkXGazBm+lid5onlWoCBy4VsLxqnnKjEBbGSJVWJMf43g==",
        "dependencies": {
          "System.Text.Encodings.Web": "8.0.0",
          "System.Text.Json": "8.0.0"
        }
      },
      "Microsoft.Extensions.Diagnostics": {
        "type": "Transitive",
        "resolved": "8.0.0",
        "contentHash": "3PZp/YSkIXrF7QK7PfC1bkyRYwqOHpWFad8Qx+4wkuumAeXo1NHaxpS9LboNA9OvNSAu+QOVlXbMyoY+pHSqcw==",
        "dependencies": {
          "Microsoft.Extensions.Configuration": "8.0.0",
          "Microsoft.Extensions.Diagnostics.Abstractions": "8.0.0",
          "Microsoft.Extensions.Options.ConfigurationExtensions": "8.0.0"
        }
      },
      "Microsoft.Extensions.Diagnostics.Abstractions": {
        "type": "Transitive",
        "resolved": "8.0.0",
        "contentHash": "JHYCQG7HmugNYUhOl368g+NMxYE/N/AiclCYRNlgCY9eVyiBkOHMwK4x60RYMxv9EL3+rmj1mqHvdCiPpC+D4Q==",
        "dependencies": {
          "Microsoft.Extensions.DependencyInjection.Abstractions": "8.0.0",
          "Microsoft.Extensions.Options": "8.0.0",
          "System.Diagnostics.DiagnosticSource": "8.0.0"
        }
      },
      "Microsoft.Extensions.Diagnostics.HealthChecks": {
        "type": "Transitive",
        "resolved": "8.0.0",
        "contentHash": "P9SoBuVZhJPpALZmSq72aQEb9ryP67EdquaCZGXGrrcASTNHYdrUhnpgSwIipgM5oVC+dKpRXg5zxobmF9xr5g==",
        "dependencies": {
          "Microsoft.Extensions.Diagnostics.HealthChecks.Abstractions": "8.0.0",
          "Microsoft.Extensions.Hosting.Abstractions": "8.0.0",
          "Microsoft.Extensions.Logging.Abstractions": "8.0.0",
          "Microsoft.Extensions.Options": "8.0.0"
        }
      },
      "Microsoft.Extensions.Diagnostics.HealthChecks.Abstractions": {
        "type": "Transitive",
        "resolved": "8.0.0",
        "contentHash": "AT2qqos3IgI09ok36Qag9T8bb6kHJ3uT9Q5ki6CySybFsK6/9JbvQAgAHf1pVEjST0/N4JaFaCbm40R5edffwg=="
      },
      "Microsoft.Extensions.FileProviders.Abstractions": {
        "type": "Transitive",
        "resolved": "8.0.0",
        "contentHash": "ZbaMlhJlpisjuWbvXr4LdAst/1XxH3vZ6A0BsgTphZ2L4PGuxRLz7Jr/S7mkAAnOn78Vu0fKhEgNF5JO3zfjqQ==",
        "dependencies": {
          "Microsoft.Extensions.Primitives": "8.0.0"
        }
      },
      "Microsoft.Extensions.FileProviders.Physical": {
        "type": "Transitive",
        "resolved": "8.0.0",
        "contentHash": "UboiXxpPUpwulHvIAVE36Knq0VSHaAmfrFkegLyBZeaADuKezJ/AIXYAW8F5GBlGk/VaibN2k/Zn1ca8YAfVdA==",
        "dependencies": {
          "Microsoft.Extensions.FileProviders.Abstractions": "8.0.0",
          "Microsoft.Extensions.FileSystemGlobbing": "8.0.0",
          "Microsoft.Extensions.Primitives": "8.0.0"
        }
      },
      "Microsoft.Extensions.FileSystemGlobbing": {
        "type": "Transitive",
        "resolved": "8.0.0",
        "contentHash": "OK+670i7esqlQrPjdIKRbsyMCe9g5kSLpRRQGSr4Q58AOYEe/hCnfLZprh7viNisSUUQZmMrbbuDaIrP+V1ebQ=="
      },
      "Microsoft.Extensions.Hosting": {
        "type": "Transitive",
        "resolved": "8.0.0",
        "contentHash": "ItYHpdqVp5/oFLT5QqbopnkKlyFG9EW/9nhM6/yfObeKt6Su0wkBio6AizgRHGNwhJuAtlE5VIjow5JOTrip6w==",
        "dependencies": {
          "Microsoft.Extensions.Configuration": "8.0.0",
          "Microsoft.Extensions.Configuration.Abstractions": "8.0.0",
          "Microsoft.Extensions.Configuration.Binder": "8.0.0",
          "Microsoft.Extensions.Configuration.CommandLine": "8.0.0",
          "Microsoft.Extensions.Configuration.EnvironmentVariables": "8.0.0",
          "Microsoft.Extensions.Configuration.FileExtensions": "8.0.0",
          "Microsoft.Extensions.Configuration.Json": "8.0.0",
          "Microsoft.Extensions.Configuration.UserSecrets": "8.0.0",
          "Microsoft.Extensions.DependencyInjection": "8.0.0",
          "Microsoft.Extensions.DependencyInjection.Abstractions": "8.0.0",
          "Microsoft.Extensions.Diagnostics": "8.0.0",
          "Microsoft.Extensions.FileProviders.Abstractions": "8.0.0",
          "Microsoft.Extensions.FileProviders.Physical": "8.0.0",
          "Microsoft.Extensions.Hosting.Abstractions": "8.0.0",
          "Microsoft.Extensions.Logging": "8.0.0",
          "Microsoft.Extensions.Logging.Abstractions": "8.0.0",
          "Microsoft.Extensions.Logging.Configuration": "8.0.0",
          "Microsoft.Extensions.Logging.Console": "8.0.0",
          "Microsoft.Extensions.Logging.Debug": "8.0.0",
          "Microsoft.Extensions.Logging.EventLog": "8.0.0",
          "Microsoft.Extensions.Logging.EventSource": "8.0.0",
          "Microsoft.Extensions.Options": "8.0.0"
        }
      },
      "Microsoft.Extensions.Hosting.Abstractions": {
        "type": "Transitive",
        "resolved": "8.0.0",
        "contentHash": "AG7HWwVRdCHlaA++1oKDxLsXIBxmDpMPb3VoyOoAghEWnkUvEAdYQUwnV4jJbAaa/nMYNiEh5ByoLauZBEiovg==",
        "dependencies": {
          "Microsoft.Extensions.Configuration.Abstractions": "8.0.0",
          "Microsoft.Extensions.DependencyInjection.Abstractions": "8.0.0",
          "Microsoft.Extensions.Diagnostics.Abstractions": "8.0.0",
          "Microsoft.Extensions.FileProviders.Abstractions": "8.0.0",
          "Microsoft.Extensions.Logging.Abstractions": "8.0.0"
        }
      },
      "Microsoft.Extensions.Http": {
        "type": "Transitive",
        "resolved": "8.0.0",
        "contentHash": "cWz4caHwvx0emoYe7NkHPxII/KkTI8R/LC9qdqJqnKv2poTJ4e2qqPGQqvRoQ5kaSA4FU5IV3qFAuLuOhoqULQ==",
        "dependencies": {
          "Microsoft.Extensions.Configuration.Abstractions": "8.0.0",
          "Microsoft.Extensions.DependencyInjection.Abstractions": "8.0.0",
          "Microsoft.Extensions.Diagnostics": "8.0.0",
          "Microsoft.Extensions.Logging": "8.0.0",
          "Microsoft.Extensions.Logging.Abstractions": "8.0.0",
          "Microsoft.Extensions.Options": "8.0.0"
        }
      },
      "Microsoft.Extensions.Logging": {
        "type": "Transitive",
        "resolved": "8.0.1",
        "contentHash": "4x+pzsQEbqxhNf1QYRr5TDkLP9UsLT3A6MdRKDDEgrW7h1ljiEPgTNhKYUhNCCAaVpQECVQ+onA91PTPnIp6Lw==",
        "dependencies": {
          "Microsoft.Extensions.DependencyInjection": "8.0.1",
          "Microsoft.Extensions.Logging.Abstractions": "8.0.2",
          "Microsoft.Extensions.Options": "8.0.2"
        }
      },
      "Microsoft.Extensions.Logging.Abstractions": {
        "type": "Transitive",
        "resolved": "8.0.2",
        "contentHash": "nroMDjS7hNBPtkZqVBbSiQaQjWRDxITI8Y7XnDs97rqG3EbzVTNLZQf7bIeUJcaHOV8bca47s1Uxq94+2oGdxA==",
        "dependencies": {
          "Microsoft.Extensions.DependencyInjection.Abstractions": "8.0.2"
        }
      },
      "Microsoft.Extensions.Logging.Configuration": {
        "type": "Transitive",
        "resolved": "8.0.0",
        "contentHash": "ixXXV0G/12g6MXK65TLngYN9V5hQQRuV+fZi882WIoVJT7h5JvoYoxTEwCgdqwLjSneqh1O+66gM8sMr9z/rsQ==",
        "dependencies": {
          "Microsoft.Extensions.Configuration": "8.0.0",
          "Microsoft.Extensions.Configuration.Abstractions": "8.0.0",
          "Microsoft.Extensions.Configuration.Binder": "8.0.0",
          "Microsoft.Extensions.DependencyInjection.Abstractions": "8.0.0",
          "Microsoft.Extensions.Logging": "8.0.0",
          "Microsoft.Extensions.Logging.Abstractions": "8.0.0",
          "Microsoft.Extensions.Options": "8.0.0",
          "Microsoft.Extensions.Options.ConfigurationExtensions": "8.0.0"
        }
      },
      "Microsoft.Extensions.Logging.Console": {
        "type": "Transitive",
        "resolved": "8.0.0",
        "contentHash": "e+48o7DztoYog+PY430lPxrM4mm3PbA6qucvQtUDDwVo4MO+ejMw7YGc/o2rnxbxj4isPxdfKFzTxvXMwAz83A==",
        "dependencies": {
          "Microsoft.Extensions.DependencyInjection.Abstractions": "8.0.0",
          "Microsoft.Extensions.Logging": "8.0.0",
          "Microsoft.Extensions.Logging.Abstractions": "8.0.0",
          "Microsoft.Extensions.Logging.Configuration": "8.0.0",
          "Microsoft.Extensions.Options": "8.0.0",
          "System.Text.Json": "8.0.0"
        }
      },
      "Microsoft.Extensions.Logging.Debug": {
        "type": "Transitive",
        "resolved": "8.0.0",
        "contentHash": "dt0x21qBdudHLW/bjMJpkixv858RRr8eSomgVbU8qljOyfrfDGi1JQvpF9w8S7ziRPtRKisuWaOwFxJM82GxeA==",
        "dependencies": {
          "Microsoft.Extensions.DependencyInjection.Abstractions": "8.0.0",
          "Microsoft.Extensions.Logging": "8.0.0",
          "Microsoft.Extensions.Logging.Abstractions": "8.0.0"
        }
      },
      "Microsoft.Extensions.Logging.EventLog": {
        "type": "Transitive",
        "resolved": "8.0.0",
        "contentHash": "3X9D3sl7EmOu7vQp5MJrmIJBl5XSdOhZPYXUeFfYa6Nnm9+tok8x3t3IVPLhm7UJtPOU61ohFchw8rNm9tIYOQ==",
        "dependencies": {
          "Microsoft.Extensions.DependencyInjection.Abstractions": "8.0.0",
          "Microsoft.Extensions.Logging": "8.0.0",
          "Microsoft.Extensions.Logging.Abstractions": "8.0.0",
          "Microsoft.Extensions.Options": "8.0.0",
          "System.Diagnostics.EventLog": "8.0.0"
        }
      },
      "Microsoft.Extensions.Logging.EventSource": {
        "type": "Transitive",
        "resolved": "8.0.0",
        "contentHash": "oKcPMrw+luz2DUAKhwFXrmFikZWnyc8l2RKoQwqU3KIZZjcfoJE0zRHAnqATfhRZhtcbjl/QkiY2Xjxp0xu+6w==",
        "dependencies": {
          "Microsoft.Extensions.DependencyInjection.Abstractions": "8.0.0",
          "Microsoft.Extensions.Logging": "8.0.0",
          "Microsoft.Extensions.Logging.Abstractions": "8.0.0",
          "Microsoft.Extensions.Options": "8.0.0",
          "Microsoft.Extensions.Primitives": "8.0.0",
          "System.Text.Json": "8.0.0"
        }
      },
      "Microsoft.Extensions.Options": {
        "type": "Transitive",
        "resolved": "8.0.2",
        "contentHash": "dWGKvhFybsaZpGmzkGCbNNwBD1rVlWzrZKANLW/CcbFJpCEceMCGzT7zZwHOGBCbwM0SzBuceMj5HN1LKV1QqA==",
        "dependencies": {
          "Microsoft.Extensions.DependencyInjection.Abstractions": "8.0.0",
          "Microsoft.Extensions.Primitives": "8.0.0"
        }
      },
      "Microsoft.Extensions.Options.ConfigurationExtensions": {
        "type": "Transitive",
        "resolved": "8.0.0",
        "contentHash": "0f4DMRqEd50zQh+UyJc+/HiBsZ3vhAQALgdkcQEalSH1L2isdC7Yj54M3cyo5e+BeO5fcBQ7Dxly8XiBBcvRgw==",
        "dependencies": {
          "Microsoft.Extensions.Configuration.Abstractions": "8.0.0",
          "Microsoft.Extensions.Configuration.Binder": "8.0.0",
          "Microsoft.Extensions.DependencyInjection.Abstractions": "8.0.0",
          "Microsoft.Extensions.Options": "8.0.0",
          "Microsoft.Extensions.Primitives": "8.0.0"
        }
      },
      "Microsoft.Extensions.Primitives": {
        "type": "Transitive",
        "resolved": "8.0.0",
        "contentHash": "bXJEZrW9ny8vjMF1JV253WeLhpEVzFo1lyaZu1vQ4ZxWUlVvknZ/+ftFgVheLubb4eZPSwwxBeqS1JkCOjxd8g=="
      },
      "Microsoft.Graph": {
        "type": "Transitive",
        "resolved": "5.52.0",
        "contentHash": "nL2WyW5INFdu2+NtVKe82/uxSZBXfM2WFC1Gez+Fdmou3LM3f0NJNGJbnf+orhe2ZB5Y/S8lhrkY7Uq0p2VEFA==",
        "dependencies": {
          "Microsoft.Graph.Core": "3.1.11"
        }
      },
      "Microsoft.Graph.Core": {
        "type": "Transitive",
        "resolved": "3.1.11",
        "contentHash": "r/YJrIJix/FxIE5LZ1/gtvCQ2/LGqZHcfuxcwQ2iJu0+dHd3SuMGj9/XqLrDUBUzqbc7L4XvcTz6nuLY4G1ruA==",
        "dependencies": {
          "Microsoft.IdentityModel.Protocols.OpenIdConnect": "7.5.1",
          "Microsoft.Kiota.Abstractions": "1.8.4",
          "Microsoft.Kiota.Authentication.Azure": "1.1.5",
          "Microsoft.Kiota.Http.HttpClientLibrary": "1.4.0",
          "Microsoft.Kiota.Serialization.Form": "1.1.6",
          "Microsoft.Kiota.Serialization.Json": "1.2.3",
          "Microsoft.Kiota.Serialization.Multipart": "1.1.4",
          "Microsoft.Kiota.Serialization.Text": "1.1.5"
        }
      },
      "Microsoft.Identity.Client": {
        "type": "Transitive",
        "resolved": "4.61.3",
        "contentHash": "naJo/Qm35Caaoxp5utcw+R8eU8ZtLz2ALh8S+gkekOYQ1oazfCQMWVT4NJ/FnHzdIJlm8dMz0oMpMGCabx5odA==",
        "dependencies": {
          "Microsoft.IdentityModel.Abstractions": "6.35.0",
          "System.Diagnostics.DiagnosticSource": "6.0.1"
        }
      },
      "Microsoft.IdentityModel.Abstractions": {
        "type": "Transitive",
        "resolved": "7.5.1",
        "contentHash": "PT16ZFbPIiMsYv07oy3zOjqUOJ7xutGBkJTOX0+IbNyU6+O6X7aIxjq9EaSSRLWbekRgamgtmfg8Xjw6A6Ua9g=="
      },
      "Microsoft.IdentityModel.JsonWebTokens": {
        "type": "Transitive",
        "resolved": "7.5.1",
        "contentHash": "93CGSa8RPdZU8zfvA3nf9NGKUqEnQrE12VzYlMqKh72ddhzusosqLNEUgH/YhFWBLRFOnY1RCgHMV7pR+sAx2w==",
        "dependencies": {
          "Microsoft.IdentityModel.Tokens": "7.5.1"
        }
      },
      "Microsoft.IdentityModel.Logging": {
        "type": "Transitive",
        "resolved": "7.5.1",
        "contentHash": "PnpAQX20BAiDIPYmWUyQSlEaWD8BLXzHpiDGTCT568Cs0ReOeyzNe401LzCeiv6ilug/KefVeV1CeqtCHTo8dw==",
        "dependencies": {
          "Microsoft.IdentityModel.Abstractions": "7.5.1"
        }
      },
      "Microsoft.IdentityModel.Protocols": {
        "type": "Transitive",
        "resolved": "7.5.1",
        "contentHash": "hXQLOHc1AwOxmb6fv1cOLWUCvO2MectjEN0Lw/0muJwy7HbMmdEQ69dpmMMbxPKNWpXVnkeZ9qyTSoBhm8sYCA==",
        "dependencies": {
          "Microsoft.IdentityModel.Tokens": "7.5.1"
        }
      },
      "Microsoft.IdentityModel.Protocols.OpenIdConnect": {
        "type": "Transitive",
        "resolved": "7.5.1",
        "contentHash": "3/wKvCugi1cgk/Sv/5rWWYDKPEMW4DHlE3wUzPELboeGyqFeUYxvK5o9JpUtBTGVpUTlU3VpkURrCNJOD/Ijrw==",
        "dependencies": {
          "Microsoft.IdentityModel.Protocols": "7.5.1",
          "System.IdentityModel.Tokens.Jwt": "7.5.1"
        }
      },
      "Microsoft.IdentityModel.Tokens": {
        "type": "Transitive",
        "resolved": "7.5.1",
        "contentHash": "Q3DKpyFViP84IUlTFKH/zIkswIrmSh2Vd/eFDo4wlOHy4DYxoweZEEw4kDEiKt9VCX6o7SddK3HK2xDYyFpexA==",
        "dependencies": {
          "Microsoft.IdentityModel.Logging": "7.5.1"
        }
      },
      "Microsoft.Kiota.Abstractions": {
        "type": "Transitive",
        "resolved": "1.8.4",
        "contentHash": "LIDxPt5fUIANficDgeM5hLFcraw+xHid0GKdDnX0hoX7kGUTKbA6ewP2UxmhQRCtntyu16npSRqglueKH35WGQ==",
        "dependencies": {
          "Std.UriTemplate": "0.0.57"
        }
      },
      "Microsoft.Kiota.Authentication.Azure": {
        "type": "Transitive",
        "resolved": "1.1.5",
        "contentHash": "6KFWYQD81d6CSN0SHVFDAEqigb/q5abJbi6WR7SyD5HTqPVgjysrnA00i3Gq+AIm1QdIVjEVGo8xjQoW+R5ddQ==",
        "dependencies": {
          "Azure.Core": "1.38.0",
          "Microsoft.Kiota.Abstractions": "1.8.3"
        }
      },
      "Microsoft.Kiota.Http.HttpClientLibrary": {
        "type": "Transitive",
        "resolved": "1.4.0",
        "contentHash": "psDtrlkLffiGExgFXXE6CrkdDKO982NLV1TLD70QpyTAOmJn3OvUoj5hiZsjLCCc2F+5Wu9zrXBnqCJg+hG72w==",
        "dependencies": {
          "Microsoft.Kiota.Abstractions": "1.8.3"
        }
      },
      "Microsoft.Kiota.Serialization.Form": {
        "type": "Transitive",
        "resolved": "1.1.6",
        "contentHash": "sfGShxxAyb1F3hn1y8gKeacD3xJXoMdT+ZsGBz8lRwD/w+vqOgiopT8vxDRNQWCOP6b5xjJYDQP7VcwucfS1ZA==",
        "dependencies": {
          "Microsoft.Kiota.Abstractions": "1.8.4"
        }
      },
      "Microsoft.Kiota.Serialization.Json": {
        "type": "Transitive",
        "resolved": "1.2.3",
        "contentHash": "k3Pkzf+qtk506IK52XGtD177XI5m+PeB+1PTekjIKAXjS3RewAo63BqsX5fHuCgRNdeW6ZSD9Y367twNAY3o2g==",
        "dependencies": {
          "Microsoft.Kiota.Abstractions": "1.8.4"
        }
      },
      "Microsoft.Kiota.Serialization.Multipart": {
        "type": "Transitive",
        "resolved": "1.1.4",
        "contentHash": "rskTXLQVb8USvZiqYFAW2Aho4c+xOYFdzQO8ucAOLdEdaDx8DXt7/4x7r+AWFfr9UVxPPj15mtVYbO+NB4Mo5g==",
        "dependencies": {
          "Microsoft.Kiota.Abstractions": "1.8.4"
        }
      },
      "Microsoft.Kiota.Serialization.Text": {
        "type": "Transitive",
        "resolved": "1.1.5",
        "contentHash": "ueNBXaUPutITn8JuYrmZoGGNx1i7aBYpyIbB9KYNc85bNuYFisZJgad43w3Key/HxGCPcwKDTBulI1dUYTlvDw==",
        "dependencies": {
          "Microsoft.Kiota.Abstractions": "1.8.4"
        }
      },
      "Microsoft.OpenApi": {
        "type": "Transitive",
        "resolved": "1.6.14",
        "contentHash": "tTaBT8qjk3xINfESyOPE2rIellPvB7qpVqiWiyA/lACVvz+xOGiXhFUfohcx82NLbi5avzLW0lx+s6oAqQijfw=="
      },
      "Microsoft.TestPlatform.ObjectModel": {
        "type": "Transitive",
        "resolved": "17.9.0",
        "contentHash": "1ilw/8vgmjLyKU+2SKXKXaOqpYFJCQfGqGz+x0cosl981VzjrY74Sv6qAJv+neZMZ9ZMxF3ArN6kotaQ4uvEBw==",
        "dependencies": {
          "System.Reflection.Metadata": "1.6.0"
        }
      },
      "Microsoft.TestPlatform.TestHost": {
        "type": "Transitive",
        "resolved": "17.9.0",
        "contentHash": "Spmg7Wx49Ya3SxBjyeAR+nQpjMTKZwTwpZ7KyeOTIqI/WHNPnBU4HUvl5kuHPQAwGWqMy4FGZja1HvEwvoaDiA==",
        "dependencies": {
          "Microsoft.TestPlatform.ObjectModel": "17.9.0",
          "Newtonsoft.Json": "13.0.1"
        }
      },
      "Microsoft.VisualStudio.Azure.Containers.Tools.Targets": {
        "type": "Transitive",
        "resolved": "1.20.1",
        "contentHash": "H4bIRdEOuyWBotgdPA5oCjJmUekWrtU5lOKnMAVaSNduZXHnqFZECsYbkm4vIOE4aeIO8TEYqfsZaJus1KknLQ=="
      },
      "Newtonsoft.Json": {
        "type": "Transitive",
        "resolved": "13.0.3",
        "contentHash": "HrC5BXdl00IP9zeV+0Z848QWPAoCr9P3bDEZguI+gkLcBKAOxix/tLEAAHC+UvDNPv4a2d18lOReHMOagPa+zQ=="
      },
      "Newtonsoft.Json.Bson": {
        "type": "Transitive",
        "resolved": "1.0.2",
        "contentHash": "QYFyxhaABwmq3p/21VrZNYvCg3DaEoN/wUuw5nmfAf0X3HLjgupwhkEWdgfb9nvGAUIv3osmZoD3kKl4jxEmYQ==",
        "dependencies": {
          "Newtonsoft.Json": "12.0.1"
        }
      },
      "NotificationApi.Client": {
        "type": "Transitive",
        "resolved": "3.0.8",
        "contentHash": "L90NspHtLhtJeK8upMGIZ92yzQ1YyarCb6zKnPXq5Y0YArzOw2azvnZl4dxwDINNDa3KVAhRCAyIzA8uzCbQRQ==",
        "dependencies": {
          "System.Text.Json": "8.0.5"
        }
      },
      "NWebsec.AspNetCore.Core": {
        "type": "Transitive",
        "resolved": "3.0.0",
        "contentHash": "dvrs4Lvc7k98KKaMxKPHeOn0kONEIQpVrzweji9SLl9XEn1+XWVJe5f7mNvXoKPKjjcNuBIwVXr3K+g+DzZHEw=="
      },
      "NWebsec.AspNetCore.Middleware": {
        "type": "Transitive",
        "resolved": "3.0.0",
        "contentHash": "sQJUG6zk/96UaAcFaf3fQuzjAS9rsf2fXyks1YlG4E3QOWl0h6nIO9fMzfKoskRA+abs01rV+6Kc5P7xccXlzw==",
        "dependencies": {
          "NWebsec.AspNetCore.Core": "3.0.0"
        }
      },
      "OpenTelemetry": {
        "type": "Transitive",
        "resolved": "1.9.0",
        "contentHash": "7scS6BUhwYeSXEDGhCxMSezmvyCoDU5kFQbmfyW9iVvVTcWhec+1KIN33/LOCdBXRkzt2y7+g03mkdAB0XZ9Fw==",
        "dependencies": {
          "Microsoft.Extensions.Diagnostics.Abstractions": "8.0.0",
          "Microsoft.Extensions.Logging.Configuration": "8.0.0",
          "OpenTelemetry.Api.ProviderBuilderExtensions": "1.9.0"
        }
      },
      "OpenTelemetry.Api": {
        "type": "Transitive",
        "resolved": "1.9.0",
        "contentHash": "Xz8ZvM1Lm0m7BbtGBnw2JlPo++YKyMp08zMK5p0mf+cIi5jeMt2+QsYu9X6YEAbjCxBQYwEak5Z8sY6Ig2WcwQ==",
        "dependencies": {
          "System.Diagnostics.DiagnosticSource": "8.0.0"
        }
      },
      "OpenTelemetry.Api.ProviderBuilderExtensions": {
        "type": "Transitive",
        "resolved": "1.9.0",
        "contentHash": "L0D4LBR5JFmwLun5MCWVGapsJLV0ANZ+XXu9NEI3JE/HRKkRuUO+J2MuHD5DBwiU//QMYYM4B22oev1hVLoHDQ==",
        "dependencies": {
          "Microsoft.Extensions.DependencyInjection.Abstractions": "8.0.0",
          "OpenTelemetry.Api": "1.9.0"
        }
      },
      "OpenTelemetry.Extensions.Hosting": {
        "type": "Transitive",
        "resolved": "1.9.0",
        "contentHash": "QBQPrKDVCXxTBE+r8tgjmFNKKHi4sKyczmip2XGUcjy8kk3quUNhttnjiMqC4sU50Hemmn4i5752Co26pnKe3A==",
        "dependencies": {
          "Microsoft.Extensions.Hosting.Abstractions": "8.0.0",
          "OpenTelemetry": "1.9.0"
        }
      },
      "OpenTelemetry.Instrumentation.AspNetCore": {
        "type": "Transitive",
        "resolved": "1.9.0",
        "contentHash": "x4HuWBw1rbWZUh5j8/GpXz3xa7JnrTuKne+ACmBqvcoO/rNGkG7HayRruwoQ7gf52xpMtRGr4gxlhLW8eU0EiQ==",
        "dependencies": {
          "OpenTelemetry.Api.ProviderBuilderExtensions": "[1.9.0, 2.0.0)"
        }
      },
      "OpenTelemetry.Instrumentation.Http": {
        "type": "Transitive",
        "resolved": "1.9.0",
        "contentHash": "+ZXppf8Qxz3OdC803T8fB6i8iSscc8PsxMnM/JizSOYmkz+8vGiScEiaBBBFNZtMh2KpA0q+qxwnSwQUkbvzog==",
        "dependencies": {
          "Microsoft.Extensions.Configuration": "8.0.0",
          "Microsoft.Extensions.Options": "8.0.0",
          "OpenTelemetry.Api.ProviderBuilderExtensions": "[1.9.0, 2.0.0)"
        }
      },
      "OpenTelemetry.PersistentStorage.Abstractions": {
        "type": "Transitive",
        "resolved": "1.0.0",
        "contentHash": "7ZtgGFPCovixOwJ+azTsMTkadM5u1SPYRKOXqYz0jWNbrzVGJmvktLr7eS4ncwcve86BW9nAZW++vjdfIXyt7g=="
      },
      "OpenTelemetry.PersistentStorage.FileSystem": {
        "type": "Transitive",
        "resolved": "1.0.0",
        "contentHash": "MBz/D9Lo2tKfVMmk5tPVQ1RwiWL+if4b6wv7KJOeBmio5lv0twRLAQxkBHfnLpcf66oWAQS6AaFykmn1Atww1Q==",
        "dependencies": {
          "OpenTelemetry.PersistentStorage.Abstractions": "1.0.0"
        }
      },
      "Polly": {
        "type": "Transitive",
        "resolved": "8.4.0",
        "contentHash": "z2EeUutuy49jBQyZ5s2FUuTCGx3GCzJ0cJ2HbjWwks94TsC6bKTtAHKBkMZOa/DyYRl5yIX7MshvMTWl1J6RNg==",
        "dependencies": {
          "Polly.Core": "8.4.0"
        }
      },
      "Polly.Core": {
        "type": "Transitive",
        "resolved": "8.4.0",
        "contentHash": "3AZxuP//pxOeBo9tQs7/tz4Z5TTbu4BYfjpaXZD0JYKJo98ngN9TMUz1nybh4k0ykWkMBpGZALV/AmVIE3ew7A=="
      },
      "Std.UriTemplate": {
        "type": "Transitive",
        "resolved": "0.0.57",
        "contentHash": "9pKu3V7jhHmZkZNktbBqnCPbZgFpmAjyXyuKRHhnLsXoYTVs0LOcPW9D13nOpwP0DFjvi7hdLC5uMtYX+/yj/Q=="
      },
      "Swashbuckle.AspNetCore": {
        "type": "Transitive",
        "resolved": "6.6.1",
        "contentHash": "4mEIj8bEM2ChCioX6Yx4KjcFZwQuTzWYvjyzeavk0DMhP7bzx787aDCQFyMK9JMAcOnhri0mfrxRItpD6j4dcQ==",
        "dependencies": {
          "Microsoft.Extensions.ApiDescription.Server": "6.0.5",
          "Swashbuckle.AspNetCore.Swagger": "6.6.1",
          "Swashbuckle.AspNetCore.SwaggerGen": "6.6.1",
          "Swashbuckle.AspNetCore.SwaggerUI": "6.6.1"
        }
      },
      "Swashbuckle.AspNetCore.Annotations": {
        "type": "Transitive",
        "resolved": "6.6.1",
        "contentHash": "U3LxY1qz4UB3cXw4+AVfApbnveywwMXkrCN0vXD3EPZQkHVpky7ukymv7KlQMP+GHnDaoNItGn43ERb2K4fWtg==",
        "dependencies": {
          "Swashbuckle.AspNetCore.SwaggerGen": "6.6.1"
        }
      },
      "Swashbuckle.AspNetCore.Newtonsoft": {
        "type": "Transitive",
        "resolved": "6.6.1",
        "contentHash": "9G26TN+Bmdh8LJhWqJU97JwwYsEzJ6ey50e5yf0u+YbI5CHk3p2GkDQxSpESaOPZo9ytOMdpew7fXIYDUA3guw==",
        "dependencies": {
          "Microsoft.AspNetCore.Mvc.NewtonsoftJson": "8.0.0",
          "Swashbuckle.AspNetCore.SwaggerGen": "6.6.1"
        }
      },
      "Swashbuckle.AspNetCore.Swagger": {
        "type": "Transitive",
        "resolved": "6.6.1",
        "contentHash": "99WcGbaHfLu26sPfWVqJvxXTmQaLE2qdCfceGwT0397X2kcuyD/nuegN2cLw6pQverijXks5LbV8vcA0xi0sSg==",
        "dependencies": {
          "Microsoft.OpenApi": "1.6.14"
        }
      },
      "Swashbuckle.AspNetCore.SwaggerGen": {
        "type": "Transitive",
        "resolved": "6.6.1",
        "contentHash": "Bw+cAg6EGSsbnT7aV13QXgd5pabDYH/GLNhlzB4Dq64IPEHaX2T51mVZ6yf8/aNHlS7vi31PH6qlWbfhaWqiqw==",
        "dependencies": {
          "Swashbuckle.AspNetCore.Swagger": "6.6.1"
        }
      },
      "Swashbuckle.AspNetCore.SwaggerUI": {
        "type": "Transitive",
        "resolved": "6.6.1",
        "contentHash": "a+nN88DS6OuzaPqwFox8nvEuvsrJFXW4NgzeRBUdGqLbUb1yTcIkuzUS3gbzPXC8HQ+NmbydeMRFudnNX2NKag=="
      },
      "System.ClientModel": {
        "type": "Transitive",
        "resolved": "1.1.0",
        "contentHash": "UocOlCkxLZrG2CKMAAImPcldJTxeesHnHGHwhJ0pNlZEvEXcWKuQvVOER2/NiOkJGRJk978SNdw3j6/7O9H1lg==",
        "dependencies": {
          "System.Memory.Data": "1.0.2",
          "System.Text.Json": "6.0.9"
        }
      },
      "System.Collections.Immutable": {
        "type": "Transitive",
        "resolved": "1.7.1",
        "contentHash": "B43Zsz5EfMwyEbnObwRxW5u85fzJma3lrDeGcSAV1qkhSRTNY5uXAByTn9h9ddNdhM+4/YoLc/CI43umjwIl9Q=="
      },
      "System.Configuration.ConfigurationManager": {
        "type": "Transitive",
        "resolved": "4.4.0",
        "contentHash": "gWwQv/Ug1qWJmHCmN17nAbxJYmQBM/E94QxKLksvUiiKB1Ld3Sc/eK1lgmbSjDFxkQhVuayI/cGFZhpBSodLrg==",
        "dependencies": {
          "System.Security.Cryptography.ProtectedData": "4.4.0"
        }
      },
      "System.Diagnostics.DiagnosticSource": {
        "type": "Transitive",
        "resolved": "8.0.0",
        "contentHash": "c9xLpVz6PL9lp/djOWtk5KPDZq3cSYpmXoJQY524EOtuFl5z9ZtsotpsyrDW40U1DRnQSYvcPKEUV0X//u6gkQ=="
      },
      "System.Diagnostics.EventLog": {
        "type": "Transitive",
        "resolved": "8.0.0",
        "contentHash": "fdYxcRjQqTTacKId/2IECojlDSFvp7LP5N78+0z/xH7v/Tuw5ZAxu23Y6PTCRinqyu2ePx+Gn1098NC6jM6d+A=="
      },
      "System.IdentityModel.Tokens.Jwt": {
        "type": "Transitive",
        "resolved": "7.5.1",
        "contentHash": "UUw+E0R73lZLlXgneYIJQxNs1kfbcxjVzw64JQyiwjqCd4HMpAbjn+xRo86QZT84uHq8/MkqvfH82tgjgPzpuw==",
        "dependencies": {
          "Microsoft.IdentityModel.JsonWebTokens": "7.5.1",
          "Microsoft.IdentityModel.Tokens": "7.5.1"
        }
      },
      "System.IO.Pipelines": {
        "type": "Transitive",
        "resolved": "8.0.0",
        "contentHash": "FHNOatmUq0sqJOkTx+UF/9YK1f180cnW5FVqnQMvYUN0elp6wFzbtPSiqbo1/ru8ICp43JM1i7kKkk6GsNGHlA=="
      },
      "System.Memory.Data": {
        "type": "Transitive",
        "resolved": "6.0.0",
        "contentHash": "ntFHArH3I4Lpjf5m4DCXQHJuGwWPNVJPaAvM95Jy/u+2Yzt2ryiyIN04LAogkjP9DeRcEOiviAjQotfmPq/FrQ==",
        "dependencies": {
          "System.Text.Json": "6.0.0"
        }
      },
      "System.Numerics.Vectors": {
        "type": "Transitive",
        "resolved": "4.5.0",
        "contentHash": "QQTlPTl06J/iiDbJCiepZ4H//BVraReU4O4EoRw1U02H5TLUIT7xn3GnDp9AXPSlJUDyFs4uWjWafNX6WrAojQ=="
      },
      "System.Reflection.Metadata": {
        "type": "Transitive",
        "resolved": "1.6.0",
        "contentHash": "COC1aiAJjCoA5GBF+QKL2uLqEBew4JsCkQmoHKbN3TlOZKa2fKLz5CpiRQKDz0RsAOEGsVKqOD5bomsXq/4STQ=="
      },
      "System.Security.Cryptography.ProtectedData": {
        "type": "Transitive",
        "resolved": "4.4.0",
        "contentHash": "cJV7ScGW7EhatRsjehfvvYVBvtiSMKgN8bOVI0bQhnF5bU7vnHVIsH49Kva7i7GWaWYvmEzkYVk1TC+gZYBEog=="
      },
      "System.Text.Encodings.Web": {
        "type": "Transitive",
        "resolved": "8.0.0",
        "contentHash": "yev/k9GHAEGx2Rg3/tU6MQh4HGBXJs70y7j1LaM1i/ER9po+6nnQ6RRqTJn1E7Xu0fbIFK80Nh5EoODxrbxwBQ=="
      },
      "System.Text.Json": {
        "type": "Transitive",
        "resolved": "8.0.5",
        "contentHash": "0f1B50Ss7rqxXiaBJyzUu9bWFOO2/zSlifZ/UNMdiIpDYe4cY4LQQicP4nirK1OS31I43rn062UIJ1Q9bpmHpg=="
      },
      "System.Threading.Tasks.Extensions": {
        "type": "Transitive",
        "resolved": "4.5.4",
        "contentHash": "zteT+G8xuGu6mS+mzDzYXbzS7rd3K6Fjb9RiZlYlJPam2/hU7JCBZBVEcywNuR+oZ1ncTvc/cq0faRr3P01OVg=="
      },
      "TimeZoneConverter": {
        "type": "Transitive",
        "resolved": "6.1.0",
        "contentHash": "UGdtyKWJqXXinyvGB9X6NVoIYbTAidoZYmn3aXzxeEYC9+OL8vF36eDt1qjb6RqBkWDl4v7iE84ecI+dFhA80A=="
      },
      "UserApi.Client": {
        "type": "Transitive",
        "resolved": "3.1.10",
        "contentHash": "wZOra3f8bhqdD9PAXXFN5OkBp+JZbkV+pFTgYS1lypmMtnPcn7WeaNH8K6Zbf75I4CvGOGLHjdExw7nGGoN2IQ==",
        "dependencies": {
          "System.Text.Json": "8.0.5"
        }
      },
      "VideoApi.Client": {
        "type": "Transitive",
        "resolved": "3.2.21",
        "contentHash": "Yx3DvphU0ydyxAL37KkHJHtg4CDuPxF1QVIfH8G/nkvQB4YJtXeg4CJW0f1bHTDq1p4POOQv/aAnnHQjeUkJLQ==",
        "dependencies": {
          "System.Text.Json": "8.0.5"
        }
      },
      "adminwebsite": {
        "type": "Project",
        "dependencies": {
          "AspNetCore.HealthChecks.Uris": "[8.0.1, )",
          "Azure.Monitor.OpenTelemetry.AspNetCore": "[1.3.0-beta.2, )",
          "BookingsApi.Client": "[3.2.12, )",
          "FluentValidation.AspNetCore": "[11.3.0, )",
          "LaunchDarkly.ServerSdk": "[8.5.0, )",
          "MicroElements.Swashbuckle.FluentValidation": "[6.0.0, )",
          "Microsoft.AspNetCore.Authentication.JwtBearer": "[8.0.4, )",
          "Microsoft.AspNetCore.Mvc.NewtonsoftJson": "[8.0.4, )",
          "Microsoft.AspNetCore.SpaServices": "[3.1.32, )",
          "Microsoft.AspNetCore.SpaServices.Extensions": "[8.0.4, )",
          "Microsoft.Graph": "[5.52.0, )",
          "Microsoft.Identity.Client": "[4.61.3, )",
          "Microsoft.OpenApi": "[1.6.14, )",
          "Microsoft.VisualStudio.Azure.Containers.Tools.Targets": "[1.20.1, )",
          "NWebsec.AspNetCore.Middleware": "[3.0.0, )",
          "NotificationApi.Client": "[3.0.8, )",
          "Polly": "[8.4.0, )",
          "Swashbuckle.AspNetCore": "[6.6.1, )",
          "Swashbuckle.AspNetCore.Annotations": "[6.6.1, )",
          "Swashbuckle.AspNetCore.Newtonsoft": "[6.6.1, )",
          "Swashbuckle.AspNetCore.Swagger": "[6.6.1, )",
          "TimeZoneConverter": "[6.1.0, )",
          "UserApi.Client": "[3.1.10, )",
          "VideoApi.Client": "[3.2.21, )"
        }
      },
      "adminwebsite.testing.common": {
        "type": "Project"
      }
    }
  }
}